
Microsoft Visual Studio Solution File, Format Version 12.00
Project("{FAE04EC0-301F-11D3-BF4B-00C04F79EFBC}") = "GenHub", "GenHub\GenHub.csproj", "{9A2382CD-1FAC-4D61-B94D-8984FD6BBD8E}"
EndProject
Project("{2150E333-8FDC-42A3-9474-1A3956D46DE8}") = "Solution Items", "Solution Items", "{3DA99C4E-89E3-4049-9C22-0A7EC60D83D8}"
	ProjectSection(SolutionItems) = preProject
		Directory.Packages.props = Directory.Packages.props
	EndProjectSection
EndProject
Project("{FAE04EC0-301F-11D3-BF4B-00C04F79EFBC}") = "GenHub.Windows", "GenHub.Windows\GenHub.Windows.csproj", "{7283BEEA-8661-4436-853E-0432A7A8C716}"
EndProject
Project("{FAE04EC0-301F-11D3-BF4B-00C04F79EFBC}") = "GenHub.Linux", "GenHub.Linux\GenHub.Linux.csproj", "{C3DADBAC-BF54-4171-92E5-AB59F8ECCD43}"
EndProject
Project("{FAE04EC0-301F-11D3-BF4B-00C04F79EFBC}") = "GenHub.Core", "GenHub.Core\GenHub.Core.csproj", "{9109F64F-923F-48FB-A0D5-0B1586EA34DF}"
EndProject
Global
	GlobalSection(SolutionConfigurationPlatforms) = preSolution
		Debug|Any CPU = Debug|Any CPU
		Release|Any CPU = Release|Any CPU
	EndGlobalSection
	GlobalSection(ProjectConfigurationPlatforms) = postSolution
		{9A2382CD-1FAC-4D61-B94D-8984FD6BBD8E}.Debug|Any CPU.ActiveCfg = Debug|Any CPU
		{9A2382CD-1FAC-4D61-B94D-8984FD6BBD8E}.Debug|Any CPU.Build.0 = Debug|Any CPU
		{9A2382CD-1FAC-4D61-B94D-8984FD6BBD8E}.Release|Any CPU.ActiveCfg = Release|Any CPU
		{9A2382CD-1FAC-4D61-B94D-8984FD6BBD8E}.Release|Any CPU.Build.0 = Release|Any CPU
		{7283BEEA-8661-4436-853E-0432A7A8C716}.Debug|Any CPU.ActiveCfg = Debug|Any CPU
		{7283BEEA-8661-4436-853E-0432A7A8C716}.Debug|Any CPU.Build.0 = Debug|Any CPU
		{7283BEEA-8661-4436-853E-0432A7A8C716}.Release|Any CPU.ActiveCfg = Release|Any CPU
		{7283BEEA-8661-4436-853E-0432A7A8C716}.Release|Any CPU.Build.0 = Release|Any CPU
		{C3DADBAC-BF54-4171-92E5-AB59F8ECCD43}.Debug|Any CPU.ActiveCfg = Debug|Any CPU
		{C3DADBAC-BF54-4171-92E5-AB59F8ECCD43}.Debug|Any CPU.Build.0 = Debug|Any CPU
		{C3DADBAC-BF54-4171-92E5-AB59F8ECCD43}.Release|Any CPU.ActiveCfg = Release|Any CPU
		{C3DADBAC-BF54-4171-92E5-AB59F8ECCD43}.Release|Any CPU.Build.0 = Release|Any CPU
		{9109F64F-923F-48FB-A0D5-0B1586EA34DF}.Debug|Any CPU.ActiveCfg = Debug|Any CPU
		{9109F64F-923F-48FB-A0D5-0B1586EA34DF}.Debug|Any CPU.Build.0 = Debug|Any CPU
		{9109F64F-923F-48FB-A0D5-0B1586EA34DF}.Release|Any CPU.ActiveCfg = Release|Any CPU
		{9109F64F-923F-48FB-A0D5-0B1586EA34DF}.Release|Any CPU.Build.0 = Release|Any CPU
	EndGlobalSection
EndGlobal
