
Microsoft Visual Studio Solution File, Format Version 12.00
Project("{FAE04EC0-301F-11D3-BF4B-00C04F79EFBC}") = "GenHub", "GenHub\GenHub.csproj", "{9A2382CD-1FAC-4D61-B94D-8984FD6BBD8E}"
EndProject
Project("{2150E333-8FDC-42A3-9474-1A3956D46DE8}") = "Solution Items", "Solution Items", "{3DA99C4E-89E3-4049-9C22-0A7EC60D83D8}"
	ProjectSection(SolutionItems) = preProject
		Directory.Packages.props = Directory.Packages.props
	EndProjectSection
EndProject
Project("{FAE04EC0-301F-11D3-BF4B-00C04F79EFBC}") = "GenHub.Windows", "GenHub.Windows\GenHub.Windows.csproj", "{7283BEEA-8661-4436-853E-0432A7A8C716}"
EndProject
Project("{FAE04EC0-301F-11D3-BF4B-00C04F79EFBC}") = "GenHub.Linux", "GenHub.Linux\GenHub.Linux.csproj", "{C3DADBAC-BF54-4171-92E5-AB59F8ECCD43}"
EndProject
Project("{FAE04EC0-301F-11D3-BF4B-00C04F79EFBC}") = "GenHub.Core", "GenHub.Core\GenHub.Core.csproj", "{9109F64F-923F-48FB-A0D5-0B1586EA34DF}"
EndProject
Project("{2150E333-8FDC-42A3-9474-1A3956D46DE8}") = "GenHub.Tests", "GenHub.Tests", "{BD194B17-634D-23A8-26F1-C490775258C0}"
EndProject
Project("{FAE04EC0-301F-11D3-BF4B-00C04F79EFBC}") = "GenHub.Tests.Core", "GenHub.Tests\GenHub.Tests.Core\GenHub.Tests.Core.csproj", "{6B278DCF-F9CD-4CEE-9681-FE08018FD3C0}"
EndProject
Project("{FAE04EC0-301F-11D3-BF4B-00C04F79EFBC}") = "GenHub.Tests.Linux", "GenHub.Tests\GenHub.Tests.Linux\GenHub.Tests.Linux.csproj", "{2E6317F0-2CA0-47CB-BC69-82E216613FB1}"
EndProject
Project("{FAE04EC0-301F-11D3-BF4B-00C04F79EFBC}") = "GenHub.Tests.Windows", "GenHub.Tests\GenHub.Tests.Windows\GenHub.Tests.Windows.csproj", "{904D2AD7-8DBF-4E7C-8FFF-8BFA0EF0E801}"
EndProject
Project("{FAE04EC0-301F-11D3-BF4B-00C04F79EFBC}") = "GenHub.Plugins.GeneralsOnline", "GenHub\Plugins\GenHub.Plugins.GeneralsOnline\GenHub.Plugins.GeneralsOnline.csproj", "{A1B2C3D4-E5F6-7890-ABCD-EF1234567890}"
EndProject
Global
	GlobalSection(SolutionConfigurationPlatforms) = preSolution
		Debug|Any CPU = Debug|Any CPU
		Debug|x64 = Debug|x64
		Debug|x86 = Debug|x86
		Release|Any CPU = Release|Any CPU
		Release|x64 = Release|x64
		Release|x86 = Release|x86
	EndGlobalSection
	GlobalSection(ProjectConfigurationPlatforms) = postSolution
		{9A2382CD-1FAC-4D61-B94D-8984FD6BBD8E}.Debug|Any CPU.ActiveCfg = Debug|Any CPU
		{9A2382CD-1FAC-4D61-B94D-8984FD6BBD8E}.Debug|Any CPU.Build.0 = Debug|Any CPU
		{9A2382CD-1FAC-4D61-B94D-8984FD6BBD8E}.Debug|x64.ActiveCfg = Debug|Any CPU
		{9A2382CD-1FAC-4D61-B94D-8984FD6BBD8E}.Debug|x64.Build.0 = Debug|Any CPU
		{9A2382CD-1FAC-4D61-B94D-8984FD6BBD8E}.Debug|x86.ActiveCfg = Debug|Any CPU
		{9A2382CD-1FAC-4D61-B94D-8984FD6BBD8E}.Debug|x86.Build.0 = Debug|Any CPU
		{9A2382CD-1FAC-4D61-B94D-8984FD6BBD8E}.Release|Any CPU.ActiveCfg = Release|Any CPU
		{9A2382CD-1FAC-4D61-B94D-8984FD6BBD8E}.Release|Any CPU.Build.0 = Release|Any CPU
		{9A2382CD-1FAC-4D61-B94D-8984FD6BBD8E}.Release|x64.ActiveCfg = Release|Any CPU
		{9A2382CD-1FAC-4D61-B94D-8984FD6BBD8E}.Release|x64.Build.0 = Release|Any CPU
		{9A2382CD-1FAC-4D61-B94D-8984FD6BBD8E}.Release|x86.ActiveCfg = Release|Any CPU
		{9A2382CD-1FAC-4D61-B94D-8984FD6BBD8E}.Release|x86.Build.0 = Release|Any CPU
		{7283BEEA-8661-4436-853E-0432A7A8C716}.Debug|Any CPU.ActiveCfg = Debug|Any CPU
		{7283BEEA-8661-4436-853E-0432A7A8C716}.Debug|Any CPU.Build.0 = Debug|Any CPU
		{7283BEEA-8661-4436-853E-0432A7A8C716}.Debug|x64.ActiveCfg = Debug|Any CPU
		{7283BEEA-8661-4436-853E-0432A7A8C716}.Debug|x64.Build.0 = Debug|Any CPU
		{7283BEEA-8661-4436-853E-0432A7A8C716}.Debug|x86.ActiveCfg = Debug|Any CPU
		{7283BEEA-8661-4436-853E-0432A7A8C716}.Debug|x86.Build.0 = Debug|Any CPU
		{7283BEEA-8661-4436-853E-0432A7A8C716}.Release|Any CPU.ActiveCfg = Release|Any CPU
		{7283BEEA-8661-4436-853E-0432A7A8C716}.Release|Any CPU.Build.0 = Release|Any CPU
		{7283BEEA-8661-4436-853E-0432A7A8C716}.Release|x64.ActiveCfg = Release|Any CPU
		{7283BEEA-8661-4436-853E-0432A7A8C716}.Release|x64.Build.0 = Release|Any CPU
		{7283BEEA-8661-4436-853E-0432A7A8C716}.Release|x86.ActiveCfg = Release|Any CPU
		{7283BEEA-8661-4436-853E-0432A7A8C716}.Release|x86.Build.0 = Release|Any CPU
		{C3DADBAC-BF54-4171-92E5-AB59F8ECCD43}.Debug|Any CPU.ActiveCfg = Debug|Any CPU
		{C3DADBAC-BF54-4171-92E5-AB59F8ECCD43}.Debug|Any CPU.Build.0 = Debug|Any CPU
		{C3DADBAC-BF54-4171-92E5-AB59F8ECCD43}.Debug|x64.ActiveCfg = Debug|Any CPU
		{C3DADBAC-BF54-4171-92E5-AB59F8ECCD43}.Debug|x64.Build.0 = Debug|Any CPU
		{C3DADBAC-BF54-4171-92E5-AB59F8ECCD43}.Debug|x86.ActiveCfg = Debug|Any CPU
		{C3DADBAC-BF54-4171-92E5-AB59F8ECCD43}.Debug|x86.Build.0 = Debug|Any CPU
		{C3DADBAC-BF54-4171-92E5-AB59F8ECCD43}.Release|Any CPU.ActiveCfg = Release|Any CPU
		{C3DADBAC-BF54-4171-92E5-AB59F8ECCD43}.Release|Any CPU.Build.0 = Release|Any CPU
		{C3DADBAC-BF54-4171-92E5-AB59F8ECCD43}.Release|x64.ActiveCfg = Release|Any CPU
		{C3DADBAC-BF54-4171-92E5-AB59F8ECCD43}.Release|x64.Build.0 = Release|Any CPU
		{C3DADBAC-BF54-4171-92E5-AB59F8ECCD43}.Release|x86.ActiveCfg = Release|Any CPU
		{C3DADBAC-BF54-4171-92E5-AB59F8ECCD43}.Release|x86.Build.0 = Release|Any CPU
		{9109F64F-923F-48FB-A0D5-0B1586EA34DF}.Debug|Any CPU.ActiveCfg = Debug|Any CPU
		{9109F64F-923F-48FB-A0D5-0B1586EA34DF}.Debug|Any CPU.Build.0 = Debug|Any CPU
		{9109F64F-923F-48FB-A0D5-0B1586EA34DF}.Debug|x64.ActiveCfg = Debug|Any CPU
		{9109F64F-923F-48FB-A0D5-0B1586EA34DF}.Debug|x64.Build.0 = Debug|Any CPU
		{9109F64F-923F-48FB-A0D5-0B1586EA34DF}.Debug|x86.ActiveCfg = Debug|Any CPU
		{9109F64F-923F-48FB-A0D5-0B1586EA34DF}.Debug|x86.Build.0 = Debug|Any CPU
		{9109F64F-923F-48FB-A0D5-0B1586EA34DF}.Release|Any CPU.ActiveCfg = Release|Any CPU
		{9109F64F-923F-48FB-A0D5-0B1586EA34DF}.Release|Any CPU.Build.0 = Release|Any CPU
		{9109F64F-923F-48FB-A0D5-0B1586EA34DF}.Release|x64.ActiveCfg = Release|Any CPU
		{9109F64F-923F-48FB-A0D5-0B1586EA34DF}.Release|x64.Build.0 = Release|Any CPU
		{9109F64F-923F-48FB-A0D5-0B1586EA34DF}.Release|x86.ActiveCfg = Release|Any CPU
		{9109F64F-923F-48FB-A0D5-0B1586EA34DF}.Release|x86.Build.0 = Release|Any CPU
		{6B278DCF-F9CD-4CEE-9681-FE08018FD3C0}.Debug|Any CPU.ActiveCfg = Debug|Any CPU
		{6B278DCF-F9CD-4CEE-9681-FE08018FD3C0}.Debug|Any CPU.Build.0 = Debug|Any CPU
		{6B278DCF-F9CD-4CEE-9681-FE08018FD3C0}.Debug|x64.ActiveCfg = Debug|Any CPU
		{6B278DCF-F9CD-4CEE-9681-FE08018FD3C0}.Debug|x64.Build.0 = Debug|Any CPU
		{6B278DCF-F9CD-4CEE-9681-FE08018FD3C0}.Debug|x86.ActiveCfg = Debug|Any CPU
		{6B278DCF-F9CD-4CEE-9681-FE08018FD3C0}.Debug|x86.Build.0 = Debug|Any CPU
		{6B278DCF-F9CD-4CEE-9681-FE08018FD3C0}.Release|Any CPU.ActiveCfg = Release|Any CPU
		{6B278DCF-F9CD-4CEE-9681-FE08018FD3C0}.Release|Any CPU.Build.0 = Release|Any CPU
		{6B278DCF-F9CD-4CEE-9681-FE08018FD3C0}.Release|x64.ActiveCfg = Release|Any CPU
		{6B278DCF-F9CD-4CEE-9681-FE08018FD3C0}.Release|x64.Build.0 = Release|Any CPU
		{6B278DCF-F9CD-4CEE-9681-FE08018FD3C0}.Release|x86.ActiveCfg = Release|Any CPU
		{6B278DCF-F9CD-4CEE-9681-FE08018FD3C0}.Release|x86.Build.0 = Release|Any CPU
		{2E6317F0-2CA0-47CB-BC69-82E216613FB1}.Debug|Any CPU.ActiveCfg = Debug|Any CPU
		{2E6317F0-2CA0-47CB-BC69-82E216613FB1}.Debug|Any CPU.Build.0 = Debug|Any CPU
		{2E6317F0-2CA0-47CB-BC69-82E216613FB1}.Debug|x64.ActiveCfg = Debug|Any CPU
		{2E6317F0-2CA0-47CB-BC69-82E216613FB1}.Debug|x64.Build.0 = Debug|Any CPU
		{2E6317F0-2CA0-47CB-BC69-82E216613FB1}.Debug|x86.ActiveCfg = Debug|Any CPU
		{2E6317F0-2CA0-47CB-BC69-82E216613FB1}.Debug|x86.Build.0 = Debug|Any CPU
		{2E6317F0-2CA0-47CB-BC69-82E216613FB1}.Release|Any CPU.ActiveCfg = Release|Any CPU
		{2E6317F0-2CA0-47CB-BC69-82E216613FB1}.Release|Any CPU.Build.0 = Release|Any CPU
		{2E6317F0-2CA0-47CB-BC69-82E216613FB1}.Release|x64.ActiveCfg = Release|Any CPU
		{2E6317F0-2CA0-47CB-BC69-82E216613FB1}.Release|x64.Build.0 = Release|Any CPU
		{2E6317F0-2CA0-47CB-BC69-82E216613FB1}.Release|x86.ActiveCfg = Release|Any CPU
		{2E6317F0-2CA0-47CB-BC69-82E216613FB1}.Release|x86.Build.0 = Release|Any CPU
		{904D2AD7-8DBF-4E7C-8FFF-8BFA0EF0E801}.Debug|Any CPU.ActiveCfg = Debug|Any CPU
		{904D2AD7-8DBF-4E7C-8FFF-8BFA0EF0E801}.Debug|Any CPU.Build.0 = Debug|Any CPU
		{904D2AD7-8DBF-4E7C-8FFF-8BFA0EF0E801}.Debug|x64.ActiveCfg = Debug|Any CPU
		{904D2AD7-8DBF-4E7C-8FFF-8BFA0EF0E801}.Debug|x64.Build.0 = Debug|Any CPU
		{904D2AD7-8DBF-4E7C-8FFF-8BFA0EF0E801}.Debug|x86.ActiveCfg = Debug|Any CPU
		{904D2AD7-8DBF-4E7C-8FFF-8BFA0EF0E801}.Debug|x86.Build.0 = Debug|Any CPU
		{904D2AD7-8DBF-4E7C-8FFF-8BFA0EF0E801}.Release|Any CPU.ActiveCfg = Release|Any CPU
		{904D2AD7-8DBF-4E7C-8FFF-8BFA0EF0E801}.Release|Any CPU.Build.0 = Release|Any CPU
		{904D2AD7-8DBF-4E7C-8FFF-8BFA0EF0E801}.Release|x64.ActiveCfg = Release|Any CPU
		{904D2AD7-8DBF-4E7C-8FFF-8BFA0EF0E801}.Release|x64.Build.0 = Release|Any CPU
		{904D2AD7-8DBF-4E7C-8FFF-8BFA0EF0E801}.Release|x86.ActiveCfg = Release|Any CPU
		{904D2AD7-8DBF-4E7C-8FFF-8BFA0EF0E801}.Release|x86.Build.0 = Release|Any CPU
		{A1B2C3D4-E5F6-7890-ABCD-EF1234567890}.Debug|Any CPU.ActiveCfg = Debug|Any CPU
		{A1B2C3D4-E5F6-7890-ABCD-EF1234567890}.Debug|Any CPU.Build.0 = Debug|Any CPU
		{A1B2C3D4-E5F6-7890-ABCD-EF1234567890}.Debug|x64.ActiveCfg = Debug|Any CPU
		{A1B2C3D4-E5F6-7890-ABCD-EF1234567890}.Debug|x64.Build.0 = Debug|Any CPU
		{A1B2C3D4-E5F6-7890-ABCD-EF1234567890}.Debug|x86.ActiveCfg = Debug|Any CPU
		{A1B2C3D4-E5F6-7890-ABCD-EF1234567890}.Debug|x86.Build.0 = Debug|Any CPU
		{A1B2C3D4-E5F6-7890-ABCD-EF1234567890}.Release|Any CPU.ActiveCfg = Release|Any CPU
		{A1B2C3D4-E5F6-7890-ABCD-EF1234567890}.Release|Any CPU.Build.0 = Release|Any CPU
		{A1B2C3D4-E5F6-7890-ABCD-EF1234567890}.Release|x64.ActiveCfg = Release|Any CPU
		{A1B2C3D4-E5F6-7890-ABCD-EF1234567890}.Release|x64.Build.0 = Release|Any CPU
		{A1B2C3D4-E5F6-7890-ABCD-EF1234567890}.Release|x86.ActiveCfg = Release|Any CPU
		{A1B2C3D4-E5F6-7890-ABCD-EF1234567890}.Release|x86.Build.0 = Release|Any CPU
	EndGlobalSection
	GlobalSection(SolutionProperties) = preSolution
		HideSolutionNode = FALSE
	EndGlobalSection
	GlobalSection(NestedProjects) = preSolution
		{6B278DCF-F9CD-4CEE-9681-FE08018FD3C0} = {BD194B17-634D-23A8-26F1-C490775258C0}
		{2E6317F0-2CA0-47CB-BC69-82E216613FB1} = {BD194B17-634D-23A8-26F1-C490775258C0}
		{904D2AD7-8DBF-4E7C-8FFF-8BFA0EF0E801} = {BD194B17-634D-23A8-26F1-C490775258C0}
	EndGlobalSection
EndGlobal
